
Microsoft Visual Studio Solution File, Format Version 12.00
# Visual Studio Version 17
VisualStudioVersion = 17.2.32616.157
MinimumVisualStudioVersion = 10.0.40219.1
Project("{FAE04EC0-301F-11D3-BF4B-00C04F79EFBC}") = "SD-350-W22SD-Labs", "SD-350-W22SD-Labs\SD-350-W22SD-Labs.csproj", "{A89A6061-85E8-4D65-8987-EDB2D4C3F6E2}"
EndProject
Global
	GlobalSection(SolutionConfigurationPlatforms) = preSolution
		Debug|Any CPU = Debug|Any CPU
		Release|Any CPU = Release|Any CPU
	EndGlobalSection
	GlobalSection(ProjectConfigurationPlatforms) = postSolution
		{A89A6061-85E8-4D65-8987-EDB2D4C3F6E2}.Debug|Any CPU.ActiveCfg = Debug|Any CPU
		{A89A6061-85E8-4D65-8987-EDB2D4C3F6E2}.Debug|Any CPU.Build.0 = Debug|Any CPU
		{A89A6061-85E8-4D65-8987-EDB2D4C3F6E2}.Release|Any CPU.ActiveCfg = Release|Any CPU
		{A89A6061-85E8-4D65-8987-EDB2D4C3F6E2}.Release|Any CPU.Build.0 = Release|Any CPU
	EndGlobalSection
	GlobalSection(SolutionProperties) = preSolution
		HideSolutionNode = FALSE
	EndGlobalSection
	GlobalSection(ExtensibilityGlobals) = postSolution
		SolutionGuid = {466A5AE1-DC15-4A37-9127-EF13322CDFED}
	EndGlobalSection
EndGlobal
